
Microsoft Visual Studio Solution File, Format Version 12.00
# Visual Studio 15
VisualStudioVersion = 15.0.27130.2027
MinimumVisualStudioVersion = 10.0.40219.1
Project("{8BC9CEB8-8B4A-11D0-8D11-00A0C91BC942}") = "replace", "replace\replace.vcxproj", "{D70F42C2-DEEE-48E0-BEA7-9EB2A99FD305}"
EndProject
Project("{8BC9CEB8-8B4A-11D0-8D11-00A0C91BC942}") = "flipbyte", "flipbyte\flipbyte.vcxproj", "{EBEF1806-003C-4E92-9F7B-CB0117940499}"
EndProject
Global
	GlobalSection(SolutionConfigurationPlatforms) = preSolution
		Debug|x64 = Debug|x64
		Debug|x86 = Debug|x86
		Release|x64 = Release|x64
		Release|x86 = Release|x86
	EndGlobalSection
	GlobalSection(ProjectConfigurationPlatforms) = postSolution
		{D70F42C2-DEEE-48E0-BEA7-9EB2A99FD305}.Debug|x64.ActiveCfg = Debug|x64
		{D70F42C2-DEEE-48E0-BEA7-9EB2A99FD305}.Debug|x64.Build.0 = Debug|x64
		{D70F42C2-DEEE-48E0-BEA7-9EB2A99FD305}.Debug|x86.ActiveCfg = Debug|Win32
		{D70F42C2-DEEE-48E0-BEA7-9EB2A99FD305}.Debug|x86.Build.0 = Debug|Win32
		{D70F42C2-DEEE-48E0-BEA7-9EB2A99FD305}.Release|x64.ActiveCfg = Release|x64
		{D70F42C2-DEEE-48E0-BEA7-9EB2A99FD305}.Release|x64.Build.0 = Release|x64
		{D70F42C2-DEEE-48E0-BEA7-9EB2A99FD305}.Release|x86.ActiveCfg = Release|Win32
		{D70F42C2-DEEE-48E0-BEA7-9EB2A99FD305}.Release|x86.Build.0 = Release|Win32
		{EBEF1806-003C-4E92-9F7B-CB0117940499}.Debug|x64.ActiveCfg = Debug|x64
		{EBEF1806-003C-4E92-9F7B-CB0117940499}.Debug|x64.Build.0 = Debug|x64
		{EBEF1806-003C-4E92-9F7B-CB0117940499}.Debug|x86.ActiveCfg = Debug|Win32
		{EBEF1806-003C-4E92-9F7B-CB0117940499}.Debug|x86.Build.0 = Debug|Win32
		{EBEF1806-003C-4E92-9F7B-CB0117940499}.Release|x64.ActiveCfg = Release|x64
		{EBEF1806-003C-4E92-9F7B-CB0117940499}.Release|x64.Build.0 = Release|x64
		{EBEF1806-003C-4E92-9F7B-CB0117940499}.Release|x86.ActiveCfg = Release|Win32
		{EBEF1806-003C-4E92-9F7B-CB0117940499}.Release|x86.Build.0 = Release|Win32
	EndGlobalSection
	GlobalSection(SolutionProperties) = preSolution
		HideSolutionNode = FALSE
	EndGlobalSection
	GlobalSection(ExtensibilityGlobals) = postSolution
		SolutionGuid = {8B51B811-008C-4ACD-A97E-83E28071D410}
	EndGlobalSection
EndGlobal
